
Microsoft Visual Studio Solution File, Format Version 12.00
# Visual Studio Version 17
VisualStudioVersion = 17.14.36804.6
MinimumVisualStudioVersion = 10.0.40219.1
Project("{FAE04EC0-301F-11D3-BF4B-00C04F79EFBC}") = "BlazorRamp.WebSite", "BlazorRamp.WebSite\BlazorRamp.WebSite.csproj", "{26C31D20-261A-46BA-BD33-A780BECAB0B9}"
EndProject
Project("{FAE04EC0-301F-11D3-BF4B-00C04F79EFBC}") = "BlazorRamp.Core", "..\BlazorRamp.Core\BlazorRamp.Core\BlazorRamp.Core.csproj", "{3E5DCEC9-7A6A-43EA-674D-4580579962FC}"
EndProject
Project("{FAE04EC0-301F-11D3-BF4B-00C04F79EFBC}") = "BlazorRamp.BusyIndicator", "..\BlazorRamp.BusyIndicator\BlazorRamp.BusyIndicator\BlazorRamp.BusyIndicator.csproj", "{E2B20E3E-4EA1-04C6-D37D-B96EB99DA181}"
EndProject
Global
	GlobalSection(SolutionConfigurationPlatforms) = preSolution
		Debug|Any CPU = Debug|Any CPU
		Release|Any CPU = Release|Any CPU
	EndGlobalSection
	GlobalSection(ProjectConfigurationPlatforms) = postSolution
		{26C31D20-261A-46BA-BD33-A780BECAB0B9}.Debug|Any CPU.ActiveCfg = Debug|Any CPU
		{26C31D20-261A-46BA-BD33-A780BECAB0B9}.Debug|Any CPU.Build.0 = Debug|Any CPU
		{26C31D20-261A-46BA-BD33-A780BECAB0B9}.Release|Any CPU.ActiveCfg = Release|Any CPU
		{26C31D20-261A-46BA-BD33-A780BECAB0B9}.Release|Any CPU.Build.0 = Release|Any CPU
		{3E5DCEC9-7A6A-43EA-674D-4580579962FC}.Debug|Any CPU.ActiveCfg = Debug|Any CPU
		{3E5DCEC9-7A6A-43EA-674D-4580579962FC}.Debug|Any CPU.Build.0 = Debug|Any CPU
		{3E5DCEC9-7A6A-43EA-674D-4580579962FC}.Release|Any CPU.ActiveCfg = Release|Any CPU
		{3E5DCEC9-7A6A-43EA-674D-4580579962FC}.Release|Any CPU.Build.0 = Release|Any CPU
		{E2B20E3E-4EA1-04C6-D37D-B96EB99DA181}.Debug|Any CPU.ActiveCfg = Debug|Any CPU
		{E2B20E3E-4EA1-04C6-D37D-B96EB99DA181}.Debug|Any CPU.Build.0 = Debug|Any CPU
		{E2B20E3E-4EA1-04C6-D37D-B96EB99DA181}.Release|Any CPU.ActiveCfg = Release|Any CPU
		{E2B20E3E-4EA1-04C6-D37D-B96EB99DA181}.Release|Any CPU.Build.0 = Release|Any CPU
	EndGlobalSection
	GlobalSection(SolutionProperties) = preSolution
		HideSolutionNode = FALSE
	EndGlobalSection
	GlobalSection(ExtensibilityGlobals) = postSolution
		SolutionGuid = {90B0C895-C0BA-4BF5-AAAA-4B815DBCC050}
	EndGlobalSection
EndGlobal
