<Solution>
  <Project Path="../BlazorRamp.BusyIndicator/BlazorRamp.BusyIndicator/BlazorRamp.BusyIndicator.csproj" />
  <Project Path="../BlazorRamp.Core/BlazorRamp.Core/BlazorRamp.Core.csproj" />
  <Project Path="../BlazorRamp.SkipTo/BlazorRamp.SkipTo/BlazorRamp.SkipTo.csproj" />
  <Project Path="BlazorRamp.WebSite/BlazorRamp.WebSite.csproj" />
</Solution>
