<Solution>
  <Folder Name="/01 - Component Source/">
    <Project Path="BlazorRamp.Switch/BlazorRamp.Switch.csproj" />
  </Folder>
  <Folder Name="/02 - Sandbox/">
    <Project Path="Sandbox/Sandbox.Client/Sandbox.Client.csproj" />
    <Project Path="Sandbox/Sandbox/Sandbox.csproj" />
  </Folder>
  <Folder Name="/03 - Tests/">
    <Project Path="BlazorRamp.Switch.Unit.Tests/BlazorRamp.Switch.Tests.Unit.csproj" Id="d99c9c37-9e3a-431a-9186-17ee546989b5" />
  </Folder>
</Solution>
