
Microsoft Visual Studio Solution File, Format Version 12.00
# Visual Studio Version 17
VisualStudioVersion = 17.14.36811.4
MinimumVisualStudioVersion = 10.0.40219.1
Project("{FAE04EC0-301F-11D3-BF4B-00C04F79EFBC}") = "BlazorRamp.Switch", "BlazorRamp.Switch\BlazorRamp.Switch.csproj", "{EA5511F0-FBF6-4372-9878-514274C58299}"
EndProject
Project("{FAE04EC0-301F-11D3-BF4B-00C04F79EFBC}") = "BlazorRamp.Core", "..\BlazorRamp.Core\BlazorRamp.Core\BlazorRamp.Core.csproj", "{3E5DCEC9-7A6A-43EA-674D-4580579962FC}"
EndProject
Project("{FAE04EC0-301F-11D3-BF4B-00C04F79EFBC}") = "Sandbox", "Sandbox\Sandbox\Sandbox.csproj", "{79306D20-FA99-48A7-876B-37EDE632AB33}"
EndProject
Project("{FAE04EC0-301F-11D3-BF4B-00C04F79EFBC}") = "Sandbox.Client", "Sandbox\Sandbox.Client\Sandbox.Client.csproj", "{CAEA72DB-E93A-4132-93E3-1DB4F3B8DB0E}"
EndProject
Global
	GlobalSection(SolutionConfigurationPlatforms) = preSolution
		Debug|Any CPU = Debug|Any CPU
		Release|Any CPU = Release|Any CPU
	EndGlobalSection
	GlobalSection(ProjectConfigurationPlatforms) = postSolution
		{EA5511F0-FBF6-4372-9878-514274C58299}.Debug|Any CPU.ActiveCfg = Debug|Any CPU
		{EA5511F0-FBF6-4372-9878-514274C58299}.Debug|Any CPU.Build.0 = Debug|Any CPU
		{EA5511F0-FBF6-4372-9878-514274C58299}.Release|Any CPU.ActiveCfg = Release|Any CPU
		{EA5511F0-FBF6-4372-9878-514274C58299}.Release|Any CPU.Build.0 = Release|Any CPU
		{3E5DCEC9-7A6A-43EA-674D-4580579962FC}.Debug|Any CPU.ActiveCfg = Debug|Any CPU
		{3E5DCEC9-7A6A-43EA-674D-4580579962FC}.Debug|Any CPU.Build.0 = Debug|Any CPU
		{3E5DCEC9-7A6A-43EA-674D-4580579962FC}.Release|Any CPU.ActiveCfg = Release|Any CPU
		{3E5DCEC9-7A6A-43EA-674D-4580579962FC}.Release|Any CPU.Build.0 = Release|Any CPU
		{79306D20-FA99-48A7-876B-37EDE632AB33}.Debug|Any CPU.ActiveCfg = Debug|Any CPU
		{79306D20-FA99-48A7-876B-37EDE632AB33}.Debug|Any CPU.Build.0 = Debug|Any CPU
		{79306D20-FA99-48A7-876B-37EDE632AB33}.Release|Any CPU.ActiveCfg = Release|Any CPU
		{79306D20-FA99-48A7-876B-37EDE632AB33}.Release|Any CPU.Build.0 = Release|Any CPU
		{CAEA72DB-E93A-4132-93E3-1DB4F3B8DB0E}.Debug|Any CPU.ActiveCfg = Debug|Any CPU
		{CAEA72DB-E93A-4132-93E3-1DB4F3B8DB0E}.Debug|Any CPU.Build.0 = Debug|Any CPU
		{CAEA72DB-E93A-4132-93E3-1DB4F3B8DB0E}.Release|Any CPU.ActiveCfg = Release|Any CPU
		{CAEA72DB-E93A-4132-93E3-1DB4F3B8DB0E}.Release|Any CPU.Build.0 = Release|Any CPU
	EndGlobalSection
	GlobalSection(SolutionProperties) = preSolution
		HideSolutionNode = FALSE
	EndGlobalSection
	GlobalSection(ExtensibilityGlobals) = postSolution
		SolutionGuid = {D877C8FC-7FCD-412D-BF2E-79D3BE6617C9}
	EndGlobalSection
EndGlobal
