
Microsoft Visual Studio Solution File, Format Version 12.00
# Visual Studio Version 17
VisualStudioVersion = 17.14.36908.2
MinimumVisualStudioVersion = 10.0.40219.1
Project("{FAE04EC0-301F-11D3-BF4B-00C04F79EFBC}") = "BlazorRamp.DocSite", "BlazorRamp.DocSite\BlazorRamp.DocSite.csproj", "{115B2C83-93EC-4E78-A19A-6229237CBE82}"
EndProject
Project("{FAE04EC0-301F-11D3-BF4B-00C04F79EFBC}") = "BlazorRamp.Core", "..\BlazorRamp.Core\BlazorRamp.Core\BlazorRamp.Core.csproj", "{3E5DCEC9-7A6A-43EA-674D-4580579962FC}"
EndProject
Project("{FAE04EC0-301F-11D3-BF4B-00C04F79EFBC}") = "BlazorRamp.BusyIndicator", "..\BlazorRamp.BusyIndicator\BlazorRamp.BusyIndicator\BlazorRamp.BusyIndicator.csproj", "{E2B20E3E-4EA1-04C6-D37D-B96EB99DA181}"
EndProject
Global
	GlobalSection(SolutionConfigurationPlatforms) = preSolution
		Debug|Any CPU = Debug|Any CPU
		Release|Any CPU = Release|Any CPU
	EndGlobalSection
	GlobalSection(ProjectConfigurationPlatforms) = postSolution
		{115B2C83-93EC-4E78-A19A-6229237CBE82}.Debug|Any CPU.ActiveCfg = Debug|Any CPU
		{115B2C83-93EC-4E78-A19A-6229237CBE82}.Debug|Any CPU.Build.0 = Debug|Any CPU
		{115B2C83-93EC-4E78-A19A-6229237CBE82}.Release|Any CPU.ActiveCfg = Release|Any CPU
		{115B2C83-93EC-4E78-A19A-6229237CBE82}.Release|Any CPU.Build.0 = Release|Any CPU
		{3E5DCEC9-7A6A-43EA-674D-4580579962FC}.Debug|Any CPU.ActiveCfg = Debug|Any CPU
		{3E5DCEC9-7A6A-43EA-674D-4580579962FC}.Debug|Any CPU.Build.0 = Debug|Any CPU
		{3E5DCEC9-7A6A-43EA-674D-4580579962FC}.Release|Any CPU.ActiveCfg = Release|Any CPU
		{3E5DCEC9-7A6A-43EA-674D-4580579962FC}.Release|Any CPU.Build.0 = Release|Any CPU
		{E2B20E3E-4EA1-04C6-D37D-B96EB99DA181}.Debug|Any CPU.ActiveCfg = Debug|Any CPU
		{E2B20E3E-4EA1-04C6-D37D-B96EB99DA181}.Debug|Any CPU.Build.0 = Debug|Any CPU
		{E2B20E3E-4EA1-04C6-D37D-B96EB99DA181}.Release|Any CPU.ActiveCfg = Release|Any CPU
		{E2B20E3E-4EA1-04C6-D37D-B96EB99DA181}.Release|Any CPU.Build.0 = Release|Any CPU
	EndGlobalSection
	GlobalSection(SolutionProperties) = preSolution
		HideSolutionNode = FALSE
	EndGlobalSection
	GlobalSection(ExtensibilityGlobals) = postSolution
		SolutionGuid = {FCA6FF4D-D549-4A12-B21A-5B566564073A}
	EndGlobalSection
EndGlobal
