<Solution>
  <Folder Name="/01 - Component Source/">
    <Project Path="BlazorRamp.ToggleTip/BlazorRamp.ToggleTip.csproj" />
  </Folder>
  <Folder Name="/02 - Sandbox/">
    <Project Path="Sandbox/Sandbox.Client/Sandbox.Client.csproj" />
    <Project Path="Sandbox/Sandbox/Sandbox.csproj" />
  </Folder>
  <Folder Name="/03 - Tests/">
    <Project Path="BlazorRamp.ToggleTip.Tests.Unit/BlazorRamp.ToggleTip.Tests.Unit.csproj" />
  </Folder>
</Solution>
