<Solution>
  <Folder Name="/01 - Component Source/">
    <Project Path="BlazorRamp.Inputs/BlazorRamp.Inputs.csproj" />
  </Folder>
  <Folder Name="/02 - Sandbox/">
    <Project Path="Sandbox.Contracts/Sandbox.Contracts.csproj" Id="6fb41a3f-134d-408e-b952-761defe11b43" />
    <Project Path="Sandbox/Sandbox.Client/Sandbox.Client.csproj" Id="d3e05f97-bfd0-4e3a-bfb6-576cede2568d" />
    <Project Path="Sandbox/Sandbox/Sandbox.csproj" Id="bf2aa0d9-e2d2-4efc-8568-92ac2eefb0f1" />
  </Folder>
</Solution>
