<Solution>
  <Folder Name="/01 - Component Source/">
    <Project Path="BlazorRamp.Inputs/BlazorRamp.Inputs.csproj" />
  </Folder>
  <Folder Name="/02 - Sandbox/">
    <Project Path="Sandbox.Contracts/Sandbox.Contracts.csproj" Id="6fb41a3f-134d-408e-b952-761defe11b43" />
  </Folder>
  <Folder Name="/03 - Tests/">
    <Project Path="BlazorRamp.Inputs.Tests.Unit/BlazorRamp.Inputs.Tests.Unit.csproj" Id="a807019d-7d66-4cf8-81bf-f248a4d420f8" />
  </Folder>
</Solution>
